
Microsoft Visual Studio Solution File, Format Version 12.00
# Visual Studio 15
VisualStudioVersion = 15.0.27130.2036
MinimumVisualStudioVersion = 10.0.40219.1
Project("{F184B08F-C81C-45F6-A57F-5ABD9991F28F}") = "University_version2", "University_version2\University_version2.vbproj", "{84076D95-3A7E-462E-913D-287AD03B4BC0}"
EndProject
Global
	GlobalSection(SolutionConfigurationPlatforms) = preSolution
		Debug|Any CPU = Debug|Any CPU
		Release|Any CPU = Release|Any CPU
	EndGlobalSection
	GlobalSection(ProjectConfigurationPlatforms) = postSolution
		{84076D95-3A7E-462E-913D-287AD03B4BC0}.Debug|Any CPU.ActiveCfg = Debug|Any CPU
		{84076D95-3A7E-462E-913D-287AD03B4BC0}.Debug|Any CPU.Build.0 = Debug|Any CPU
		{84076D95-3A7E-462E-913D-287AD03B4BC0}.Release|Any CPU.ActiveCfg = Release|Any CPU
		{84076D95-3A7E-462E-913D-287AD03B4BC0}.Release|Any CPU.Build.0 = Release|Any CPU
	EndGlobalSection
	GlobalSection(SolutionProperties) = preSolution
		HideSolutionNode = FALSE
	EndGlobalSection
	GlobalSection(ExtensibilityGlobals) = postSolution
		SolutionGuid = {5804ECCF-8EF4-4875-B345-ED87AFD52EC9}
	EndGlobalSection
EndGlobal
